
Microsoft Visual Studio Solution File, Format Version 12.00
Project("{FAE04EC0-301F-11D3-BF4B-00C04F79EFBC}") = "GitHubRepoAssigner", "GitHubRepoAssigner\GitHubRepoAssigner.csproj", "{4E29D92E-2811-4E83-A7D0-C1A34B25E12C}"
EndProject
Global
	GlobalSection(SolutionConfigurationPlatforms) = preSolution
		Debug|Any CPU = Debug|Any CPU
		Release|Any CPU = Release|Any CPU
	EndGlobalSection
	GlobalSection(ProjectConfigurationPlatforms) = postSolution
		{4E29D92E-2811-4E83-A7D0-C1A34B25E12C}.Debug|Any CPU.ActiveCfg = Debug|Any CPU
		{4E29D92E-2811-4E83-A7D0-C1A34B25E12C}.Debug|Any CPU.Build.0 = Debug|Any CPU
		{4E29D92E-2811-4E83-A7D0-C1A34B25E12C}.Release|Any CPU.ActiveCfg = Release|Any CPU
		{4E29D92E-2811-4E83-A7D0-C1A34B25E12C}.Release|Any CPU.Build.0 = Release|Any CPU
	EndGlobalSection
EndGlobal
